
Microsoft Visual Studio Solution File, Format Version 12.00
# Visual Studio Version 16
VisualStudioVersion = 16.0.31624.102
MinimumVisualStudioVersion = 10.0.40219.1
Project("{FAE04EC0-301F-11D3-BF4B-00C04F79EFBC}") = "Basis opdrachten", "Basis opdrachten\Basis opdrachten.csproj", "{B9A9AB6A-10A5-4AF1-B825-B1DA6776CE44}"
EndProject
Global
	GlobalSection(SolutionConfigurationPlatforms) = preSolution
		Debug|Any CPU = Debug|Any CPU
		Release|Any CPU = Release|Any CPU
	EndGlobalSection
	GlobalSection(ProjectConfigurationPlatforms) = postSolution
		{B9A9AB6A-10A5-4AF1-B825-B1DA6776CE44}.Debug|Any CPU.ActiveCfg = Debug|Any CPU
		{B9A9AB6A-10A5-4AF1-B825-B1DA6776CE44}.Debug|Any CPU.Build.0 = Debug|Any CPU
		{B9A9AB6A-10A5-4AF1-B825-B1DA6776CE44}.Release|Any CPU.ActiveCfg = Release|Any CPU
		{B9A9AB6A-10A5-4AF1-B825-B1DA6776CE44}.Release|Any CPU.Build.0 = Release|Any CPU
	EndGlobalSection
	GlobalSection(SolutionProperties) = preSolution
		HideSolutionNode = FALSE
	EndGlobalSection
	GlobalSection(ExtensibilityGlobals) = postSolution
		SolutionGuid = {4415974A-E939-4F9B-94F3-1813F18ECD1B}
	EndGlobalSection
EndGlobal
